<?xml version="1.0" encoding="utf-8"?>
<Project ToolsVersion="4.0" xmlns="http://schemas.microsoft.com/developer/msbuild/2003">
  <ItemGroup>
    <Filter Include="Source Files">
      <UniqueIdentifier>{4FC737F1-C7A5-4376-A066-2A32D752A2FF}</UniqueIdentifier>
      <Extensions>cpp;c;cc;cxx;c++;cppm;ixx;def;odl;idl;hpj;bat;asm;asmx</Extensions>
    </Filter>
    <Filter Include="Header Files">
      <UniqueIdentifier>{93995380-89BD-4b04-88EB-625FBE52EBFB}</UniqueIdentifier>
      <Extensions>h;hh;hpp;hxx;h++;hm;inl;inc;ipp;xsd</Extensions>
    </Filter>
    <Filter Include="Resource Files">
      <UniqueIdentifier>{67DA6AB6-F800-4c08-8B7A-83BB121AAD01}</UniqueIdentifier>
      <Extensions>rc;ico;cur;bmp;dlg;rc2;rct;bin;rgs;gif;jpg;jpeg;jpe;resx;tiff;tif;png;wav;mfcribbon-ms</Extensions>
    </Filter>
    <Filter Include="Source Files\lib">
      <UniqueIdentifier>{049e9ced-08af-4b7f-8ec5-8cef26cb6977}</UniqueIdentifier>
    </Filter>
    <Filter Include="Source Files\util">
      <UniqueIdentifier>{4782eff1-ec63-4d7e-8cfd-65dcf50413d3}</UniqueIdentifier>
    </Filter>
  </ItemGroup>
  <ItemGroup>
    <ClInclude Include="pch.h">
      <Filter>Header Files</Filter>
    </ClInclude>
    <ClInclude Include="guid.hpp">
      <Filter>Header Files</Filter>
    </ClInclude>
    <ClInclude Include="ClassFactory.hpp">
      <Filter>Header Files</Filter>
    </ClInclude>
    <ClInclude Include="ShellExt.hpp">
      <Filter>Header Files</Filter>
    </ClInclude>
    <ClInclude Include="PboFolder.hpp">
      <Filter>Header Files</Filter>
    </ClInclude>
    <ClInclude Include="PboContextMenu.hpp">
      <Filter>Header Files</Filter>
    </ClInclude>
    <ClInclude Include="PboFileStream.hpp">
      <Filter>Header Files</Filter>
    </ClInclude>
    <ClInclude Include="Util.hpp">
      <Filter>Header Files</Filter>
    </ClInclude>
    <ClInclude Include="PboDataObject.hpp">
      <Filter>Header Files</Filter>
    </ClInclude>
    <ClInclude Include="PboPidl.hpp">
      <Filter>Header Files</Filter>
    </ClInclude>
    <ClInclude Include="PboPatcher.hpp">
      <Filter>Header Files</Filter>
    </ClInclude>
    <ClInclude Include="FileWatcher.hpp">
      <Filter>Header Files</Filter>
    </ClInclude>
    <ClInclude Include="resource.h">
      <Filter>Header Files</Filter>
    </ClInclude>
    <ClInclude Include="DebugLogger.hpp">
      <Filter>Header Files</Filter>
    </ClInclude>
    <ClInclude Include="ClipboardFormatHandler.hpp">
      <Filter>Header Files</Filter>
    </ClInclude>
    <ClInclude Include="GlobalCache.hpp">
      <Filter>Header Files</Filter>
    </ClInclude>
    <ClInclude Include="ProgressDialogOperation.hpp">
      <Filter>Header Files</Filter>
    </ClInclude>
    <ClInclude Include="PboFileDirectory.hpp">
      <Filter>Header Files</Filter>
    </ClInclude>
    <ClInclude Include="PboPatcherLocked.hpp">
      <Filter>Header Files</Filter>
    </ClInclude>
    <ClInclude Include="PboFolderContextMenu.hpp">
      <Filter>Header Files</Filter>
    </ClInclude>
    <ClInclude Include="ContextMenu.hpp">
      <Filter>Header Files</Filter>
    </ClInclude>
    <ClInclude Include="Updater.hpp">
      <Filter>Header Files</Filter>
    </ClInclude>
  </ItemGroup>
  <ItemGroup>
    <ClCompile Include="dllmain.cpp">
      <Filter>Source Files</Filter>
    </ClCompile>
    <ClCompile Include="ShellExt.cpp">
      <Filter>Source Files</Filter>
    </ClCompile>
    <ClCompile Include="PboFolder.cpp">
      <Filter>Source Files</Filter>
    </ClCompile>
    <ClCompile Include="PboContextMenu.cpp">
      <Filter>Source Files</Filter>
    </ClCompile>
    <ClCompile Include="PboFileStream.cpp">
      <Filter>Source Files</Filter>
    </ClCompile>
    <ClCompile Include="Util.cpp">
      <Filter>Source Files</Filter>
    </ClCompile>
    <ClCompile Include="PboDataObject.cpp">
      <Filter>Source Files</Filter>
    </ClCompile>
    <ClCompile Include="PboPatcher.cpp">
      <Filter>Source Files</Filter>
    </ClCompile>
    <ClCompile Include="lib\ArmaPboLib\lib\sha1.c">
      <Filter>Source Files\lib</Filter>
    </ClCompile>
    <ClCompile Include="lib\ArmaPboLib\src\pbo.cpp">
      <Filter>Source Files\lib</Filter>
    </ClCompile>
    <ClCompile Include="TestExe.cpp">
      <Filter>Source Files</Filter>
    </ClCompile>
    <ClCompile Include="TempDiskFile.cpp">
      <Filter>Source Files</Filter>
    </ClCompile>
    <ClCompile Include="FileWatcher.cpp">
      <Filter>Source Files</Filter>
    </ClCompile>
    <ClCompile Include="ClipboardFormatHandler.cpp">
      <Filter>Source Files</Filter>
    </ClCompile>
    <ClCompile Include="ProgressDialogOperation.cpp">
      <Filter>Source Files</Filter>
    </ClCompile>
    <ClCompile Include="PboFileDirectory.cpp">
      <Filter>Source Files</Filter>
    </ClCompile>
    <ClCompile Include="PboFolderContextMenu.cpp">
      <Filter>Source Files</Filter>
    </ClCompile>
    <ClCompile Include="ContextMenu.cpp">
      <Filter>Source Files</Filter>
    </ClCompile>
    <ClCompile Include="Updater.cpp">
      <Filter>Source Files</Filter>
    </ClCompile>
    <ClCompile Include="UpdateHelperExe.cpp">
      <Filter>Source Files</Filter>
    </ClCompile>
    <ClCompile Include="util\Registry.ixx">
      <Filter>Source Files\util</Filter>
    </ClCompile>
    <ClCompile Include="util\Sentry.ixx">
      <Filter>Source Files\util</Filter>
    </ClCompile>
    <ClCompile Include="util\DebugLogger.ixx">
      <Filter>Source Files\util</Filter>
    </ClCompile>
    <ClCompile Include="util\Encoding.ixx">
      <Filter>Source Files\util</Filter>
    </ClCompile>
    <ClCompile Include="util\FileUtil.ixx">
      <Filter>Source Files\util</Filter>
    </ClCompile>
    <ClCompile Include="util\Hashing.ixx">
      <Filter>Source Files\util</Filter>
    </ClCompile>
    <ClCompile Include="util\Version.ixx">
      <Filter>Source Files\util</Filter>
    </ClCompile>
    <ClCompile Include="util\ComRef.ixx">
      <Filter>Source Files\util</Filter>
    </ClCompile>
    <ClCompile Include="TempDiskFile.ixx">
      <Filter>Source Files</Filter>
    </ClCompile>
    <ClCompile Include="FileWatcher.ixx">
      <Filter>Source Files</Filter>
    </ClCompile>
  </ItemGroup>
  <ItemGroup>
    <ResourceCompile Include="Resource.rc">
      <Filter>Resource Files</Filter>
    </ResourceCompile>
  </ItemGroup>
</Project>